
Microsoft Visual Studio Solution File, Format Version 12.00
# Visual Studio Version 16
VisualStudioVersion = 16.0.30011.22
MinimumVisualStudioVersion = 10.0.40219.1
Project("{888888A0-9F3D-457C-B088-3A5042F75D52}") = "mysite", "mysite\mysite.pyproj", "{75C30593-757A-4AA0-B0FA-F8ED828FCBF7}"
EndProject
Global
	GlobalSection(SolutionConfigurationPlatforms) = preSolution
		Debug|Any CPU = Debug|Any CPU
		Release|Any CPU = Release|Any CPU
	EndGlobalSection
	GlobalSection(ProjectConfigurationPlatforms) = postSolution
		{75C30593-757A-4AA0-B0FA-F8ED828FCBF7}.Debug|Any CPU.ActiveCfg = Debug|Any CPU
		{75C30593-757A-4AA0-B0FA-F8ED828FCBF7}.Debug|Any CPU.Build.0 = Debug|Any CPU
		{75C30593-757A-4AA0-B0FA-F8ED828FCBF7}.Release|Any CPU.ActiveCfg = Release|Any CPU
		{75C30593-757A-4AA0-B0FA-F8ED828FCBF7}.Release|Any CPU.Build.0 = Release|Any CPU
	EndGlobalSection
	GlobalSection(SolutionProperties) = preSolution
		HideSolutionNode = FALSE
	EndGlobalSection
	GlobalSection(ExtensibilityGlobals) = postSolution
		SolutionGuid = {019621F6-D51E-4155-BD69-EE69E78E1280}
	EndGlobalSection
EndGlobal
